
Microsoft Visual Studio Solution File, Format Version 12.00
# Visual Studio 14
VisualStudioVersion = 14.0.23107.0
MinimumVisualStudioVersion = 10.0.40219.1
Project("{FAE04EC0-301F-11D3-BF4B-00C04F79EFBC}") = "Mija Reader", "Mija Reader\Mija Reader.csproj", "{CC5F54A3-C13C-4DDD-AA8D-57D7647EE6C9}"
EndProject
Project("{FAE04EC0-301F-11D3-BF4B-00C04F79EFBC}") = "PolishLanguage", "PolishLanguage\PolishLanguage.csproj", "{A05336BD-3CCD-4438-BC47-B269407A5F1A}"
EndProject
Project("{2150E333-8FDC-42A3-9474-1A3956D46DE8}") = "Languages", "Languages", "{6E717CF3-AA43-4EF5-9B42-9400C9BBC6A9}"
EndProject
Project("{FAE04EC0-301F-11D3-BF4B-00C04F79EFBC}") = "EnglishLanguage", "EnglishLanguage\EnglishLanguage.csproj", "{CA05E049-AD14-48E2-B8D8-7043299E9F91}"
EndProject
Project("{2150E333-8FDC-42A3-9474-1A3956D46DE8}") = "MangaSources", "MangaSources", "{717CFA28-6A29-4C13-AC8C-F3D195CB809C}"
EndProject
Project("{FAE04EC0-301F-11D3-BF4B-00C04F79EFBC}") = "MangaReaderNetParser", "MangaReaderNetParser\MangaReaderNetParser.csproj", "{1C4F08FD-1C0E-4863-981D-603ED07E49F2}"
EndProject
Project("{FAE04EC0-301F-11D3-BF4B-00C04F79EFBC}") = "BaseMangaSource", "BaseMangaSource\BaseMangaSource.csproj", "{DBD92DC4-4A74-4CDF-8048-6E3C783AF4B7}"
EndProject
Project("{2150E333-8FDC-42A3-9474-1A3956D46DE8}") = "Solution Items", "Solution Items", "{D0C179CC-B1A2-4312-B0B4-4D3E69E6179F}"
	ProjectSection(SolutionItems) = preProject
		README.md = README.md
	EndProjectSection
EndProject
Project("{FAE04EC0-301F-11D3-BF4B-00C04F79EFBC}") = "MangaPandaComParser", "MangaPandaComParser\MangaPandaComParser.csproj", "{D6239FE7-CFFE-4A42-80E4-06C2D95655A2}"
EndProject
Project("{FAE04EC0-301F-11D3-BF4B-00C04F79EFBC}") = "MyMangaOnlineNetParser", "MyMangaOnlineNetParser\MyMangaOnlineNetParser.csproj", "{B1A7A1C9-15C3-479B-880E-5805226506D5}"
EndProject
Project("{FAE04EC0-301F-11D3-BF4B-00C04F79EFBC}") = "GoodMangaNetParser", "GoodMangaNetParser\GoodMangaNetParser.csproj", "{19F510AB-EE72-459C-8227-FDEB05A46B26}"
EndProject
Global
	GlobalSection(SolutionConfigurationPlatforms) = preSolution
		Debug|Any CPU = Debug|Any CPU
		Release|Any CPU = Release|Any CPU
	EndGlobalSection
	GlobalSection(ProjectConfigurationPlatforms) = postSolution
		{CC5F54A3-C13C-4DDD-AA8D-57D7647EE6C9}.Debug|Any CPU.ActiveCfg = Debug|Any CPU
		{CC5F54A3-C13C-4DDD-AA8D-57D7647EE6C9}.Debug|Any CPU.Build.0 = Debug|Any CPU
		{CC5F54A3-C13C-4DDD-AA8D-57D7647EE6C9}.Release|Any CPU.ActiveCfg = Release|Any CPU
		{CC5F54A3-C13C-4DDD-AA8D-57D7647EE6C9}.Release|Any CPU.Build.0 = Release|Any CPU
		{A05336BD-3CCD-4438-BC47-B269407A5F1A}.Debug|Any CPU.ActiveCfg = Debug|Any CPU
		{A05336BD-3CCD-4438-BC47-B269407A5F1A}.Debug|Any CPU.Build.0 = Debug|Any CPU
		{A05336BD-3CCD-4438-BC47-B269407A5F1A}.Release|Any CPU.ActiveCfg = Release|Any CPU
		{A05336BD-3CCD-4438-BC47-B269407A5F1A}.Release|Any CPU.Build.0 = Release|Any CPU
		{CA05E049-AD14-48E2-B8D8-7043299E9F91}.Debug|Any CPU.ActiveCfg = Debug|Any CPU
		{CA05E049-AD14-48E2-B8D8-7043299E9F91}.Debug|Any CPU.Build.0 = Debug|Any CPU
		{CA05E049-AD14-48E2-B8D8-7043299E9F91}.Release|Any CPU.ActiveCfg = Release|Any CPU
		{CA05E049-AD14-48E2-B8D8-7043299E9F91}.Release|Any CPU.Build.0 = Release|Any CPU
		{1C4F08FD-1C0E-4863-981D-603ED07E49F2}.Debug|Any CPU.ActiveCfg = Debug|Any CPU
		{1C4F08FD-1C0E-4863-981D-603ED07E49F2}.Debug|Any CPU.Build.0 = Debug|Any CPU
		{1C4F08FD-1C0E-4863-981D-603ED07E49F2}.Release|Any CPU.ActiveCfg = Release|Any CPU
		{1C4F08FD-1C0E-4863-981D-603ED07E49F2}.Release|Any CPU.Build.0 = Release|Any CPU
		{DBD92DC4-4A74-4CDF-8048-6E3C783AF4B7}.Debug|Any CPU.ActiveCfg = Debug|Any CPU
		{DBD92DC4-4A74-4CDF-8048-6E3C783AF4B7}.Debug|Any CPU.Build.0 = Debug|Any CPU
		{DBD92DC4-4A74-4CDF-8048-6E3C783AF4B7}.Release|Any CPU.ActiveCfg = Release|Any CPU
		{DBD92DC4-4A74-4CDF-8048-6E3C783AF4B7}.Release|Any CPU.Build.0 = Release|Any CPU
		{D6239FE7-CFFE-4A42-80E4-06C2D95655A2}.Debug|Any CPU.ActiveCfg = Debug|Any CPU
		{D6239FE7-CFFE-4A42-80E4-06C2D95655A2}.Debug|Any CPU.Build.0 = Debug|Any CPU
		{D6239FE7-CFFE-4A42-80E4-06C2D95655A2}.Release|Any CPU.ActiveCfg = Release|Any CPU
		{D6239FE7-CFFE-4A42-80E4-06C2D95655A2}.Release|Any CPU.Build.0 = Release|Any CPU
		{B1A7A1C9-15C3-479B-880E-5805226506D5}.Debug|Any CPU.ActiveCfg = Debug|Any CPU
		{B1A7A1C9-15C3-479B-880E-5805226506D5}.Debug|Any CPU.Build.0 = Debug|Any CPU
		{B1A7A1C9-15C3-479B-880E-5805226506D5}.Release|Any CPU.ActiveCfg = Release|Any CPU
		{B1A7A1C9-15C3-479B-880E-5805226506D5}.Release|Any CPU.Build.0 = Release|Any CPU
		{19F510AB-EE72-459C-8227-FDEB05A46B26}.Debug|Any CPU.ActiveCfg = Debug|Any CPU
		{19F510AB-EE72-459C-8227-FDEB05A46B26}.Debug|Any CPU.Build.0 = Debug|Any CPU
		{19F510AB-EE72-459C-8227-FDEB05A46B26}.Release|Any CPU.ActiveCfg = Release|Any CPU
		{19F510AB-EE72-459C-8227-FDEB05A46B26}.Release|Any CPU.Build.0 = Release|Any CPU
	EndGlobalSection
	GlobalSection(SolutionProperties) = preSolution
		HideSolutionNode = FALSE
	EndGlobalSection
	GlobalSection(NestedProjects) = preSolution
		{A05336BD-3CCD-4438-BC47-B269407A5F1A} = {6E717CF3-AA43-4EF5-9B42-9400C9BBC6A9}
		{CA05E049-AD14-48E2-B8D8-7043299E9F91} = {6E717CF3-AA43-4EF5-9B42-9400C9BBC6A9}
		{1C4F08FD-1C0E-4863-981D-603ED07E49F2} = {717CFA28-6A29-4C13-AC8C-F3D195CB809C}
		{DBD92DC4-4A74-4CDF-8048-6E3C783AF4B7} = {717CFA28-6A29-4C13-AC8C-F3D195CB809C}
		{D6239FE7-CFFE-4A42-80E4-06C2D95655A2} = {717CFA28-6A29-4C13-AC8C-F3D195CB809C}
		{B1A7A1C9-15C3-479B-880E-5805226506D5} = {717CFA28-6A29-4C13-AC8C-F3D195CB809C}
		{19F510AB-EE72-459C-8227-FDEB05A46B26} = {717CFA28-6A29-4C13-AC8C-F3D195CB809C}
	EndGlobalSection
EndGlobal
